
Microsoft Visual Studio Solution File, Format Version 12.00
# Visual Studio 2012
Project("{656346D9-4656-40DA-A068-22D5425D4639}") = "com.finboo.samples.simpleapp", "com.finboo.samples.simpleapp\com.finboo.samples.simpleapp.hydrogene", "{20C47E1D-E87B-4933-9C6F-FC5A004A7F73}"
EndProject
Global
	GlobalSection(SolutionConfigurationPlatforms) = preSolution
		Debug|Default = Debug|Default
		Release|Default = Release|Default
	EndGlobalSection
	GlobalSection(ProjectConfigurationPlatforms) = postSolution
		{20C47E1D-E87B-4933-9C6F-FC5A004A7F73}.Debug|Default.ActiveCfg = Debug
		{20C47E1D-E87B-4933-9C6F-FC5A004A7F73}.Debug|Default.Build.0 = Debug
		{20C47E1D-E87B-4933-9C6F-FC5A004A7F73}.Release|Default.ActiveCfg = Release
		{20C47E1D-E87B-4933-9C6F-FC5A004A7F73}.Release|Default.Build.0 = Release
	EndGlobalSection
	GlobalSection(SolutionProperties) = preSolution
		HideSolutionNode = FALSE
	EndGlobalSection
EndGlobal
